// !$*UTF8*$!
{
	archiveVersion = 1;
	classes = {
	};
	objectVersion = 50;
	objects = {

/* Begin PBXBuildFile section */
		788E7C2021A5889D001BE252 /* AppDelegate.swift in Sources */ = {isa = PBXBuildFile; fileRef = 788E7C1F21A5889D001BE252 /* AppDelegate.swift */; };
		788E7C2221A5889D001BE252 /* ViewController.swift in Sources */ = {isa = PBXBuildFile; fileRef = 788E7C2121A5889D001BE252 /* ViewController.swift */; };
		788E7C2521A5889D001BE252 /* Main.storyboard in Resources */ = {isa = PBXBuildFile; fileRef = 788E7C2321A5889D001BE252 /* Main.storyboard */; };
		788E7C2721A5889E001BE252 /* Assets.xcassets in Resources */ = {isa = PBXBuildFile; fileRef = 788E7C2621A5889E001BE252 /* Assets.xcassets */; };
		788E7C2A21A5889E001BE252 /* LaunchScreen.storyboard in Resources */ = {isa = PBXBuildFile; fileRef = 788E7C2821A5889E001BE252 /* LaunchScreen.storyboard */; };
		788E7C3521A5889E001BE252 /* esgiTests.swift in Sources */ = {isa = PBXBuildFile; fileRef = 788E7C3421A5889E001BE252 /* esgiTests.swift */; };
/* End PBXBuildFile section */

/* Begin PBXContainerItemProxy section */
		788E7C3121A5889E001BE252 /* PBXContainerItemProxy */ = {
			isa = PBXContainerItemProxy;
			containerPortal = 788E7C1421A5889C001BE252 /* Project object */;
			proxyType = 1;
			remoteGlobalIDString = 788E7C1B21A5889D001BE252;
			remoteInfo = esgi;
		};
/* End PBXContainerItemProxy section */

/* Begin PBXFileReference section */
		788E7C1C21A5889D001BE252 /* esgi.app */ = {isa = PBXFileReference; explicitFileType = wrapper.application; includeInIndex = 0; path = esgi.app; sourceTree = BUILT_PRODUCTS_DIR; };
		788E7C1F21A5889D001BE252 /* AppDelegate.swift */ = {isa = PBXFileReference; lastKnownFileType = sourcecode.swift; path = AppDelegate.swift; sourceTree = "<group>"; };
		788E7C2121A5889D001BE252 /* ViewController.swift */ = {isa = PBXFileReference; lastKnownFileType = sourcecode.swift; path = ViewController.swift; sourceTree = "<group>"; };
		788E7C2421A5889D001BE252 /* Base */ = {isa = PBXFileReference; lastKnownFileType = file.storyboard; name = Base; path = Base.lproj/Main.storyboard; sourceTree = "<group>"; };
		788E7C2621A5889E001BE252 /* Assets.xcassets */ = {isa = PBXFileReference; lastKnownFileType = folder.assetcatalog; path = Assets.xcassets; sourceTree = "<group>"; };
		788E7C2921A5889E001BE252 /* Base */ = {isa = PBXFileReference; lastKnownFileType = file.storyboard; name = Base; path = Base.lproj/LaunchScreen.storyboard; sourceTree = "<group>"; };
		788E7C2B21A5889E001BE252 /* Info.plist */ = {isa = PBXFileReference; lastKnownFileType = text.plist.xml; path = Info.plist; sourceTree = "<group>"; };
		788E7C3021A5889E001BE252 /* esgiTests.xctest */ = {isa = PBXFileReference; explicitFileType = wrapper.cfbundle; includeInIndex = 0; path = esgiTests.xctest; sourceTree = BUILT_PRODUCTS_DIR; };
		788E7C3421A5889E001BE252 /* esgiTests.swift */ = {isa = PBXFileReference; lastKnownFileType = sourcecode.swift; path = esgiTests.swift; sourceTree = "<group>"; };
		788E7C3621A5889E001BE252 /* Info.plist */ = {isa = PBXFileReference; lastKnownFileType = text.plist.xml; path = Info.plist; sourceTree = "<group>"; };
/* End PBXFileReference section */

/* Begin PBXFrameworksBuildPhase section */
		788E7C1921A5889D001BE252 /* Frameworks */ = {
			isa = PBXFrameworksBuildPhase;
			buildActionMask = 2147483647;
			files = (
			);
			runOnlyForDeploymentPostprocessing = 0;
		};
		788E7C2D21A5889E001BE252 /* Frameworks */ = {
			isa = PBXFrameworksBuildPhase;
			buildActionMask = 2147483647;
			files = (
			);
			runOnlyForDeploymentPostprocessing = 0;
		};
/* End PBXFrameworksBuildPhase section */

/* Begin PBXGroup section */
		788E7C1321A5889C001BE252 = {
			isa = PBXGroup;
			children = (
				788E7C1E21A5889D001BE252 /* esgi */,
				788E7C3321A5889E001BE252 /* esgiTests */,
				788E7C1D21A5889D001BE252 /* Products */,
			);
			sourceTree = "<group>";
		};
		788E7C1D21A5889D001BE252 /* Products */ = {
			isa = PBXGroup;
			children = (
				788E7C1C21A5889D001BE252 /* esgi.app */,
				788E7C3021A5889E001BE252 /* esgiTests.xctest */,
			);
			name = Products;
			sourceTree = "<group>";
		};
		788E7C1E21A5889D001BE252 /* esgi */ = {
			isa = PBXGroup;
			children = (
				788E7C1F21A5889D001BE252 /* AppDelegate.swift */,
				788E7C2121A5889D001BE252 /* ViewController.swift */,
				788E7C2321A5889D001BE252 /* Main.storyboard */,
				788E7C2621A5889E001BE252 /* Assets.xcassets */,
				788E7C2821A5889E001BE252 /* LaunchScreen.storyboard */,
				788E7C2B21A5889E001BE252 /* Info.plist */,
			);
			path = esgi;
			sourceTree = "<group>";
		};
		788E7C3321A5889E001BE252 /* esgiTests */ = {
			isa = PBXGroup;
			children = (
				788E7C3421A5889E001BE252 /* esgiTests.swift */,
				788E7C3621A5889E001BE252 /* Info.plist */,
			);
			path = esgiTests;
			sourceTree = "<group>";
		};
/* End PBXGroup section */

/* Begin PBXNativeTarget section */
		788E7C1B21A5889D001BE252 /* esgi */ = {
			isa = PBXNativeTarget;
			buildConfigurationList = 788E7C3921A5889E001BE252 /* Build configuration list for PBXNativeTarget "esgi" */;
			buildPhases = (
				788E7C1821A5889D001BE252 /* Sources */,
				788E7C1921A5889D001BE252 /* Frameworks */,
				788E7C1A21A5889D001BE252 /* Resources */,
			);
			buildRules = (
			);
			dependencies = (
			);
			name = esgi;
			productName = esgi;
			productReference = 788E7C1C21A5889D001BE252 /* esgi.app */;
			productType = "com.apple.product-type.application";
		};
		788E7C2F21A5889E001BE252 /* esgiTests */ = {
			isa = PBXNativeTarget;
			buildConfigurationList = 788E7C3C21A5889E001BE252 /* Build configuration list for PBXNativeTarget "esgiTests" */;
			buildPhases = (
				788E7C2C21A5889E001BE252 /* Sources */,
				788E7C2D21A5889E001BE252 /* Frameworks */,
				788E7C2E21A5889E001BE252 /* Resources */,
			);
			buildRules = (
			);
			dependencies = (
				788E7C3221A5889E001BE252 /* PBXTargetDependency */,
			);
			name = esgiTests;
			productName = esgiTests;
			productReference = 788E7C3021A5889E001BE252 /* esgiTests.xctest */;
			productType = "com.apple.product-type.bundle.unit-test";
		};
/* End PBXNativeTarget section */

/* Begin PBXProject section */
		788E7C1421A5889C001BE252 /* Project object */ = {
			isa = PBXProject;
			attributes = {
				LastSwiftUpdateCheck = 0940;
				LastUpgradeCheck = 0940;
				ORGANIZATIONNAME = "Thibaut Coutard";
				TargetAttributes = {
					788E7C1B21A5889D001BE252 = {
						CreatedOnToolsVersion = 9.4.1;
					};
					788E7C2F21A5889E001BE252 = {
						CreatedOnToolsVersion = 9.4.1;
						TestTargetID = 788E7C1B21A5889D001BE252;
					};
				};
			};
			buildConfigurationList = 788E7C1721A5889C001BE252 /* Build configuration list for PBXProject "esgi" */;
			compatibilityVersion = "Xcode 9.3";
			developmentRegion = en;
			hasScannedForEncodings = 0;
			knownRegions = (
				en,
				Base,
			);
			mainGroup = 788E7C1321A5889C001BE252;
			productRefGroup = 788E7C1D21A5889D001BE252 /* Products */;
			projectDirPath = "";
			projectRoot = "";
			targets = (
				788E7C1B21A5889D001BE252 /* esgi */,
				788E7C2F21A5889E001BE252 /* esgiTests */,
			);
		};
/* End PBXProject section */

/* Begin PBXResourcesBuildPhase section */
		788E7C1A21A5889D001BE252 /* Resources */ = {
			isa = PBXResourcesBuildPhase;
			buildActionMask = 2147483647;
			files = (
				788E7C2A21A5889E001BE252 /* LaunchScreen.storyboard in Resources */,
				788E7C2721A5889E001BE252 /* Assets.xcassets in Resources */,
				788E7C2521A5889D001BE252 /* Main.storyboard in Resources */,
			);
			runOnlyForDeploymentPostprocessing = 0;
		};
		788E7C2E21A5889E001BE252 /* Resources */ = {
			isa = PBXResourcesBuildPhase;
			buildActionMask = 2147483647;
			files = (
			);
			runOnlyForDeploymentPostprocessing = 0;
		};
/* End PBXResourcesBuildPhase section */

/* Begin PBXSourcesBuildPhase section */
		788E7C1821A5889D001BE252 /* Sources */ = {
			isa = PBXSourcesBuildPhase;
			buildActionMask = 2147483647;
			files = (
				788E7C2221A5889D001BE252 /* ViewController.swift in Sources */,
				788E7C2021A5889D001BE252 /* AppDelegate.swift in Sources */,
			);
			runOnlyForDeploymentPostprocessing = 0;
		};
		788E7C2C21A5889E001BE252 /* Sources */ = {
			isa = PBXSourcesBuildPhase;
			buildActionMask = 2147483647;
			files = (
				788E7C3521A5889E001BE252 /* esgiTests.swift in Sources */,
			);
			runOnlyForDeploymentPostprocessing = 0;
		};
/* End PBXSourcesBuildPhase section */

/* Begin PBXTargetDependency section */
		788E7C3221A5889E001BE252 /* PBXTargetDependency */ = {
			isa = PBXTargetDependency;
			target = 788E7C1B21A5889D001BE252 /* esgi */;
			targetProxy = 788E7C3121A5889E001BE252 /* PBXContainerItemProxy */;
		};
/* End PBXTargetDependency section */

/* Begin PBXVariantGroup section */
		788E7C2321A5889D001BE252 /* Main.storyboard */ = {
			isa = PBXVariantGroup;
			children = (
				788E7C2421A5889D001BE252 /* Base */,
			);
			name = Main.storyboard;
			sourceTree = "<group>";
		};
		788E7C2821A5889E001BE252 /* LaunchScreen.storyboard */ = {
			isa = PBXVariantGroup;
			children = (
				788E7C2921A5889E001BE252 /* Base */,
			);
			name = LaunchScreen.storyboard;
			sourceTree = "<group>";
		};
/* End PBXVariantGroup section */

/* Begin XCBuildConfiguration section */
		788E7C3721A5889E001BE252 /* Debug */ = {
			isa = XCBuildConfiguration;
			buildSettings = {
				ALWAYS_SEARCH_USER_PATHS = NO;
				CLANG_ANALYZER_NONNULL = YES;
				CLANG_ANALYZER_NUMBER_OBJECT_CONVERSION = YES_AGGRESSIVE;
				CLANG_CXX_LANGUAGE_STANDARD = "gnu++14";
				CLANG_CXX_LIBRARY = "libc++";
				CLANG_ENABLE_MODULES = YES;
				CLANG_ENABLE_OBJC_ARC = YES;
				CLANG_ENABLE_OBJC_WEAK = YES;
				CLANG_WARN_BLOCK_CAPTURE_AUTORELEASING = YES;
				CLANG_WARN_BOOL_CONVERSION = YES;
				CLANG_WARN_COMMA = YES;
				CLANG_WARN_CONSTANT_CONVERSION = YES;
				CLANG_WARN_DEPRECATED_OBJC_IMPLEMENTATIONS = YES;
				CLANG_WARN_DIRECT_OBJC_ISA_USAGE = YES_ERROR;
				CLANG_WARN_DOCUMENTATION_COMMENTS = YES;
				CLANG_WARN_EMPTY_BODY = YES;
				CLANG_WARN_ENUM_CONVERSION = YES;
				CLANG_WARN_INFINITE_RECURSION = YES;
				CLANG_WARN_INT_CONVERSION = YES;
				CLANG_WARN_NON_LITERAL_NULL_CONVERSION = YES;
				CLANG_WARN_OBJC_IMPLICIT_RETAIN_SELF = YES;
				CLANG_WARN_OBJC_LITERAL_CONVERSION = YES;
				CLANG_WARN_OBJC_ROOT_CLASS = YES_ERROR;
				CLANG_WARN_RANGE_LOOP_ANALYSIS = YES;
				CLANG_WARN_STRICT_PROTOTYPES = YES;
				CLANG_WARN_SUSPICIOUS_MOVE = YES;
				CLANG_WARN_UNGUARDED_AVAILABILITY = YES_AGGRESSIVE;
				CLANG_WARN_UNREACHABLE_CODE = YES;
				CLANG_WARN__DUPLICATE_METHOD_MATCH = YES;
				CODE_SIGN_IDENTITY = "iPhone Developer";
				COPY_PHASE_STRIP = NO;
				DEBUG_INFORMATION_FORMAT = dwarf;
				ENABLE_STRICT_OBJC_MSGSEND = YES;
				ENABLE_TESTABILITY = YES;
				GCC_C_LANGUAGE_STANDARD = gnu11;
				GCC_DYNAMIC_NO_PIC = NO;
				GCC_NO_COMMON_BLOCKS = YES;
				GCC_OPTIMIZATION_LEVEL = 0;
				GCC_PREPROCESSOR_DEFINITIONS = (
					"DEBUG=1",
					"$(inherited)",
				);
				GCC_WARN_64_TO_32_BIT_CONVERSION = YES;
				GCC_WARN_ABOUT_RETURN_TYPE = YES_ERROR;
				GCC_WARN_UNDECLARED_SELECTOR = YES;
				GCC_WARN_UNINITIALIZED_AUTOS = YES_AGGRESSIVE;
				GCC_WARN_UNUSED_FUNCTION = YES;
				GCC_WARN_UNUSED_VARIABLE = YES;
				IPHONEOS_DEPLOYMENT_TARGET = 11.4;
				MTL_ENABLE_DEBUG_INFO = YES;
				ONLY_ACTIVE_ARCH = YES;
				SDKROOT = iphoneos;
				SWIFT_ACTIVE_COMPILATION_CONDITIONS = DEBUG;
				SWIFT_OPTIMIZATION_LEVEL = "-Onone";
			};
			name = Debug;
		};
		788E7C3821A5889E001BE252 /* Release */ = {
			isa = XCBuildConfiguration;
			buildSettings = {
				ALWAYS_SEARCH_USER_PATHS = NO;
				CLANG_ANALYZER_NONNULL = YES;
				CLANG_ANALYZER_NUMBER_OBJECT_CONVERSION = YES_AGGRESSIVE;
				CLANG_CXX_LANGUAGE_STANDARD = "gnu++14";
				CLANG_CXX_LIBRARY = "libc++";
				CLANG_ENABLE_MODULES = YES;
				CLANG_ENABLE_OBJC_ARC = YES;
				CLANG_ENABLE_OBJC_WEAK = YES;
				CLANG_WARN_BLOCK_CAPTURE_AUTORELEASING = YES;
				CLANG_WARN_BOOL_CONVERSION = YES;
				CLANG_WARN_COMMA = YES;
				CLANG_WARN_CONSTANT_CONVERSION = YES;
				CLANG_WARN_DEPRECATED_OBJC_IMPLEMENTATIONS = YES;
				CLANG_WARN_DIRECT_OBJC_ISA_USAGE = YES_ERROR;
				CLANG_WARN_DOCUMENTATION_COMMENTS = YES;
				CLANG_WARN_EMPTY_BODY = YES;
				CLANG_WARN_ENUM_CONVERSION = YES;
				CLANG_WARN_INFINITE_RECURSION = YES;
				CLANG_WARN_INT_CONVERSION = YES;
				CLANG_WARN_NON_LITERAL_NULL_CONVERSION = YES;
				CLANG_WARN_OBJC_IMPLICIT_RETAIN_SELF = YES;
				CLANG_WARN_OBJC_LITERAL_CONVERSION = YES;
				CLANG_WARN_OBJC_ROOT_CLASS = YES_ERROR;
				CLANG_WARN_RANGE_LOOP_ANALYSIS = YES;
				CLANG_WARN_STRICT_PROTOTYPES = YES;
				CLANG_WARN_SUSPICIOUS_MOVE = YES;
				CLANG_WARN_UNGUARDED_AVAILABILITY = YES_AGGRESSIVE;
				CLANG_WARN_UNREACHABLE_CODE = YES;
				CLANG_WARN__DUPLICATE_METHOD_MATCH = YES;
				CODE_SIGN_IDENTITY = "iPhone Developer";
				COPY_PHASE_STRIP = NO;
				DEBUG_INFORMATION_FORMAT = "dwarf-with-dsym";
				ENABLE_NS_ASSERTIONS = NO;
				ENABLE_STRICT_OBJC_MSGSEND = YES;
				GCC_C_LANGUAGE_STANDARD = gnu11;
				GCC_NO_COMMON_BLOCKS = YES;
				GCC_WARN_64_TO_32_BIT_CONVERSION = YES;
				GCC_WARN_ABOUT_RETURN_TYPE = YES_ERROR;
				GCC_WARN_UNDECLARED_SELECTOR = YES;
				GCC_WARN_UNINITIALIZED_AUTOS = YES_AGGRESSIVE;
				GCC_WARN_UNUSED_FUNCTION = YES;
				GCC_WARN_UNUSED_VARIABLE = YES;
				IPHONEOS_DEPLOYMENT_TARGET = 11.4;
				MTL_ENABLE_DEBUG_INFO = NO;
				SDKROOT = iphoneos;
				SWIFT_COMPILATION_MODE = wholemodule;
				SWIFT_OPTIMIZATION_LEVEL = "-O";
				VALIDATE_PRODUCT = YES;
			};
			name = Release;
		};
		788E7C3A21A5889E001BE252 /* Debug */ = {
			isa = XCBuildConfiguration;
			buildSettings = {
				ASSETCATALOG_COMPILER_APPICON_NAME = AppIcon;
				CODE_SIGN_STYLE = Automatic;
				DEVELOPMENT_TEAM = 4965NT4QX9;
				INFOPLIST_FILE = esgi/Info.plist;
				LD_RUNPATH_SEARCH_PATHS = (
					"$(inherited)",
					"@executable_path/Frameworks",
				);
				PRODUCT_BUNDLE_IDENTIFIER = com.tc.esgi;
				PRODUCT_NAME = "$(TARGET_NAME)";
				SWIFT_VERSION = 4.0;
				TARGETED_DEVICE_FAMILY = "1,2";
			};
			name = Debug;
		};
		788E7C3B21A5889E001BE252 /* Release */ = {
			isa = XCBuildConfiguration;
			buildSettings = {
				ASSETCATALOG_COMPILER_APPICON_NAME = AppIcon;
				CODE_SIGN_STYLE = Automatic;
				DEVELOPMENT_TEAM = 4965NT4QX9;
				INFOPLIST_FILE = esgi/Info.plist;
				LD_RUNPATH_SEARCH_PATHS = (
					"$(inherited)",
					"@executable_path/Frameworks",
				);
				PRODUCT_BUNDLE_IDENTIFIER = com.tc.esgi;
				PRODUCT_NAME = "$(TARGET_NAME)";
				SWIFT_VERSION = 4.0;
				TARGETED_DEVICE_FAMILY = "1,2";
			};
			name = Release;
		};
		788E7C3D21A5889E001BE252 /* Debug */ = {
			isa = XCBuildConfiguration;
			buildSettings = {
				ALWAYS_EMBED_SWIFT_STANDARD_LIBRARIES = YES;
				BUNDLE_LOADER = "$(TEST_HOST)";
				CODE_SIGN_STYLE = Automatic;
				DEVELOPMENT_TEAM = 4965NT4QX9;
				INFOPLIST_FILE = esgiTests/Info.plist;
				LD_RUNPATH_SEARCH_PATHS = (
					"$(inherited)",
					"@executable_path/Frameworks",
					"@loader_path/Frameworks",
				);
				PRODUCT_BUNDLE_IDENTIFIER = com.tc.esgiTests;
				PRODUCT_NAME = "$(TARGET_NAME)";
				SWIFT_VERSION = 4.0;
				TARGETED_DEVICE_FAMILY = "1,2";
				TEST_HOST = "$(BUILT_PRODUCTS_DIR)/esgi.app/esgi";
			};
			name = Debug;
		};
		788E7C3E21A5889E001BE252 /* Release */ = {
			isa = XCBuildConfiguration;
			buildSettings = {
				ALWAYS_EMBED_SWIFT_STANDARD_LIBRARIES = YES;
				BUNDLE_LOADER = "$(TEST_HOST)";
				CODE_SIGN_STYLE = Automatic;
				DEVELOPMENT_TEAM = 4965NT4QX9;
				INFOPLIST_FILE = esgiTests/Info.plist;
				LD_RUNPATH_SEARCH_PATHS = (
					"$(inherited)",
					"@executable_path/Frameworks",
					"@loader_path/Frameworks",
				);
				PRODUCT_BUNDLE_IDENTIFIER = com.tc.esgiTests;
				PRODUCT_NAME = "$(TARGET_NAME)";
				SWIFT_VERSION = 4.0;
				TARGETED_DEVICE_FAMILY = "1,2";
				TEST_HOST = "$(BUILT_PRODUCTS_DIR)/esgi.app/esgi";
			};
			name = Release;
		};
/* End XCBuildConfiguration section */

/* Begin XCConfigurationList section */
		788E7C1721A5889C001BE252 /* Build configuration list for PBXProject "esgi" */ = {
			isa = XCConfigurationList;
			buildConfigurations = (
				788E7C3721A5889E001BE252 /* Debug */,
				788E7C3821A5889E001BE252 /* Release */,
			);
			defaultConfigurationIsVisible = 0;
			defaultConfigurationName = Release;
		};
		788E7C3921A5889E001BE252 /* Build configuration list for PBXNativeTarget "esgi" */ = {
			isa = XCConfigurationList;
			buildConfigurations = (
				788E7C3A21A5889E001BE252 /* Debug */,
				788E7C3B21A5889E001BE252 /* Release */,
			);
			defaultConfigurationIsVisible = 0;
			defaultConfigurationName = Release;
		};
		788E7C3C21A5889E001BE252 /* Build configuration list for PBXNativeTarget "esgiTests" */ = {
			isa = XCConfigurationList;
			buildConfigurations = (
				788E7C3D21A5889E001BE252 /* Debug */,
				788E7C3E21A5889E001BE252 /* Release */,
			);
			defaultConfigurationIsVisible = 0;
			defaultConfigurationName = Release;
		};
/* End XCConfigurationList section */
	};
	rootObject = 788E7C1421A5889C001BE252 /* Project object */;
}
